
Microsoft Visual Studio Solution File, Format Version 12.00
# Visual Studio Version 17
VisualStudioVersion = 17.13.35931.197
MinimumVisualStudioVersion = 10.0.40219.1
Project("{FAE04EC0-301F-11D3-BF4B-00C04F79EFBC}") = "Metroit.Mvvm.WinForms.Test", "Test\Metroit.Mvvm.WinForms.Test.csproj", "{0B57FA2F-25F0-4444-8E19-4D9D1274B1C6}"
EndProject
Project("{FAE04EC0-301F-11D3-BF4B-00C04F79EFBC}") = "Metroit.Mvvm.WinForms", "Metroit.Mvvm.WinForms\Metroit.Mvvm.WinForms.csproj", "{3B7B5EC0-DCEE-4919-9EEC-2D0D782D7FE8}"
EndProject
Project("{FAE04EC0-301F-11D3-BF4B-00C04F79EFBC}") = "Metroit.CommunityToolkit.Mvvm", "Metroit.CommunityToolkit.Mvvm\Metroit.CommunityToolkit.Mvvm.csproj", "{26FB66B2-3326-4556-AAD8-B21E964FDAFC}"
EndProject
Project("{FAE04EC0-301F-11D3-BF4B-00C04F79EFBC}") = "Metroit.CommunityToolkit.Mvvm.Test", "Metroit.CommunityToolkit.Mvvm.Test\Metroit.CommunityToolkit.Mvvm.Test.csproj", "{DF090137-794A-4E20-8DB8-B76B6F12095F}"
EndProject
Project("{FAE04EC0-301F-11D3-BF4B-00C04F79EFBC}") = "Metroit.Mvvm", "Metroit.Mvvm\Metroit.Mvvm.csproj", "{E8EDA220-DAFF-8640-84A5-A78FF2DBCED2}"
EndProject
Project("{FAE04EC0-301F-11D3-BF4B-00C04F79EFBC}") = "Metroit.Windows.Forms.Mvvm.Extensions", "Metroit.Windows.Forms.Mvvm.Extensions\Metroit.Windows.Forms.Mvvm.Extensions.csproj", "{DF5B62F5-AEA2-D39B-A627-960CB138B0B4}"
EndProject
Global
	GlobalSection(SolutionConfigurationPlatforms) = preSolution
		Debug|Any CPU = Debug|Any CPU
		Release|Any CPU = Release|Any CPU
	EndGlobalSection
	GlobalSection(ProjectConfigurationPlatforms) = postSolution
		{0B57FA2F-25F0-4444-8E19-4D9D1274B1C6}.Debug|Any CPU.ActiveCfg = Debug|Any CPU
		{0B57FA2F-25F0-4444-8E19-4D9D1274B1C6}.Debug|Any CPU.Build.0 = Debug|Any CPU
		{0B57FA2F-25F0-4444-8E19-4D9D1274B1C6}.Release|Any CPU.ActiveCfg = Release|Any CPU
		{0B57FA2F-25F0-4444-8E19-4D9D1274B1C6}.Release|Any CPU.Build.0 = Release|Any CPU
		{3B7B5EC0-DCEE-4919-9EEC-2D0D782D7FE8}.Debug|Any CPU.ActiveCfg = Debug|Any CPU
		{3B7B5EC0-DCEE-4919-9EEC-2D0D782D7FE8}.Debug|Any CPU.Build.0 = Debug|Any CPU
		{3B7B5EC0-DCEE-4919-9EEC-2D0D782D7FE8}.Release|Any CPU.ActiveCfg = Release|Any CPU
		{3B7B5EC0-DCEE-4919-9EEC-2D0D782D7FE8}.Release|Any CPU.Build.0 = Release|Any CPU
		{26FB66B2-3326-4556-AAD8-B21E964FDAFC}.Debug|Any CPU.ActiveCfg = Debug|Any CPU
		{26FB66B2-3326-4556-AAD8-B21E964FDAFC}.Debug|Any CPU.Build.0 = Debug|Any CPU
		{26FB66B2-3326-4556-AAD8-B21E964FDAFC}.Release|Any CPU.ActiveCfg = Release|Any CPU
		{26FB66B2-3326-4556-AAD8-B21E964FDAFC}.Release|Any CPU.Build.0 = Release|Any CPU
		{DF090137-794A-4E20-8DB8-B76B6F12095F}.Debug|Any CPU.ActiveCfg = Debug|Any CPU
		{DF090137-794A-4E20-8DB8-B76B6F12095F}.Debug|Any CPU.Build.0 = Debug|Any CPU
		{DF090137-794A-4E20-8DB8-B76B6F12095F}.Release|Any CPU.ActiveCfg = Release|Any CPU
		{DF090137-794A-4E20-8DB8-B76B6F12095F}.Release|Any CPU.Build.0 = Release|Any CPU
		{E8EDA220-DAFF-8640-84A5-A78FF2DBCED2}.Debug|Any CPU.ActiveCfg = Debug|Any CPU
		{E8EDA220-DAFF-8640-84A5-A78FF2DBCED2}.Debug|Any CPU.Build.0 = Debug|Any CPU
		{E8EDA220-DAFF-8640-84A5-A78FF2DBCED2}.Release|Any CPU.ActiveCfg = Release|Any CPU
		{E8EDA220-DAFF-8640-84A5-A78FF2DBCED2}.Release|Any CPU.Build.0 = Release|Any CPU
		{DF5B62F5-AEA2-D39B-A627-960CB138B0B4}.Debug|Any CPU.ActiveCfg = Debug|Any CPU
		{DF5B62F5-AEA2-D39B-A627-960CB138B0B4}.Debug|Any CPU.Build.0 = Debug|Any CPU
		{DF5B62F5-AEA2-D39B-A627-960CB138B0B4}.Release|Any CPU.ActiveCfg = Release|Any CPU
		{DF5B62F5-AEA2-D39B-A627-960CB138B0B4}.Release|Any CPU.Build.0 = Release|Any CPU
	EndGlobalSection
	GlobalSection(SolutionProperties) = preSolution
		HideSolutionNode = FALSE
	EndGlobalSection
	GlobalSection(ExtensibilityGlobals) = postSolution
		SolutionGuid = {77DE6570-9BA8-44DE-8142-E0AAB07967A5}
	EndGlobalSection
EndGlobal
